
Microsoft Visual Studio Solution File, Format Version 12.00
# Visual Studio Version 17
VisualStudioVersion = 17.13.35825.156 d17.13
MinimumVisualStudioVersion = 10.0.40219.1
Project("{FAE04EC0-301F-11D3-BF4B-00C04F79EFBC}") = "progettoWpf", "progettoWpf\progettoWpf.csproj", "{5624AE28-3714-48AE-A118-C0FCF3B36AF9}"
EndProject
Project("{FAE04EC0-301F-11D3-BF4B-00C04F79EFBC}") = "classi", "classi\classi.csproj", "{E7BB8532-ECA7-4561-9F37-C3D75872C95C}"
EndProject
Global
	GlobalSection(SolutionConfigurationPlatforms) = preSolution
		Debug|Any CPU = Debug|Any CPU
		Release|Any CPU = Release|Any CPU
	EndGlobalSection
	GlobalSection(ProjectConfigurationPlatforms) = postSolution
		{5624AE28-3714-48AE-A118-C0FCF3B36AF9}.Debug|Any CPU.ActiveCfg = Debug|Any CPU
		{5624AE28-3714-48AE-A118-C0FCF3B36AF9}.Debug|Any CPU.Build.0 = Debug|Any CPU
		{5624AE28-3714-48AE-A118-C0FCF3B36AF9}.Release|Any CPU.ActiveCfg = Release|Any CPU
		{5624AE28-3714-48AE-A118-C0FCF3B36AF9}.Release|Any CPU.Build.0 = Release|Any CPU
		{E7BB8532-ECA7-4561-9F37-C3D75872C95C}.Debug|Any CPU.ActiveCfg = Debug|Any CPU
		{E7BB8532-ECA7-4561-9F37-C3D75872C95C}.Debug|Any CPU.Build.0 = Debug|Any CPU
		{E7BB8532-ECA7-4561-9F37-C3D75872C95C}.Release|Any CPU.ActiveCfg = Release|Any CPU
		{E7BB8532-ECA7-4561-9F37-C3D75872C95C}.Release|Any CPU.Build.0 = Release|Any CPU
	EndGlobalSection
	GlobalSection(SolutionProperties) = preSolution
		HideSolutionNode = FALSE
	EndGlobalSection
	GlobalSection(ExtensibilityGlobals) = postSolution
		SolutionGuid = {9E6D86DB-6562-45E2-BE19-2364AE50B2C1}
	EndGlobalSection
EndGlobal
